PODS:
  - Capacitor (8.2.0):
    - CapacitorCordova
  - CapacitorApp (8.0.1):
    - Capacitor
  - CapacitorBrowser (8.0.3):
    - Capacitor
  - CapacitorCordova (8.2.0)

DEPENDENCIES:
  - "Capacitor (from `../../node_modules/@capacitor/ios`)"
  - "CapacitorApp (from `../../node_modules/@capacitor/app`)"
  - "CapacitorBrowser (from `../../node_modules/@capacitor/browser`)"
  - "CapacitorCordova (from `../../node_modules/@capacitor/ios`)"

EXTERNAL SOURCES:
  Capacitor:
    :path: "../../node_modules/@capacitor/ios"
  CapacitorApp:
    :path: "../../node_modules/@capacitor/app"
  CapacitorBrowser:
    :path: "../../node_modules/@capacitor/browser"
  CapacitorCordova:
    :path: "../../node_modules/@capacitor/ios"

SPEC CHECKSUMS:
  Capacitor: c04568d0798e8c9a481d70e8d3df1f7fe1966549
  CapacitorApp: fcd990168c3249d2c5a7ae94920a031d05789e73
  CapacitorBrowser: f42210052d25867e64cda9ee28906ca830835ebe
  CapacitorCordova: a9ac88d84a1f5280f33b349fe50fce1902683ac0

PODFILE CHECKSUM: 1ea7fcaa55593652415dddb9d3f741eb19334e84

COCOAPODS: 1.16.2
