PODS:
  - Capacitor (5.0.0):
    - CapacitorCordova
  - CapacitorCordova (5.0.0)
  - CapacitorKeyboard (5.0.0):
    - Capacitor

DEPENDENCIES:
  - "Capacitor (from `../../node_modules/@capacitor/ios`)"
  - "CapacitorCordova (from `../../node_modules/@capacitor/ios`)"
  - "CapacitorKeyboard (from `../../node_modules/@capacitor/keyboard`)"

EXTERNAL SOURCES:
  Capacitor:
    :path: "../../node_modules/@capacitor/ios"
  CapacitorCordova:
    :path: "../../node_modules/@capacitor/ios"
  CapacitorKeyboard:
    :path: "../../node_modules/@capacitor/keyboard"

SPEC CHECKSUMS:
  Capacitor: b332cb737d447561e854039fb72195206685dce2
  CapacitorCordova: 4ea17670ee562680988a7ce9db68dee5160fe564
  CapacitorKeyboard: 8a25a4241b74f69d457a7e81220a54c22214a679

PODFILE CHECKSUM: e5c6735a59ab3ddd1d1efe96c5f099f9320f2bd0

COCOAPODS: 1.16.2
